
Microsoft Visual Studio Solution File, Format Version 12.00
# Visual Studio Version 17
VisualStudioVersion = 17.11.35312.102
MinimumVisualStudioVersion = 10.0.40219.1
Project("{FAE04EC0-301F-11D3-BF4B-00C04F79EFBC}") = "fs-2025-assessment-1-71617", "fs-2025-assessment-1-71617\fs-2025-assessment-1-71617.csproj", "{940570F9-4B3F-456A-8EA9-F013BED25F68}"
EndProject
Global
	GlobalSection(SolutionConfigurationPlatforms) = preSolution
		Debug|Any CPU = Debug|Any CPU
		Release|Any CPU = Release|Any CPU
	EndGlobalSection
	GlobalSection(ProjectConfigurationPlatforms) = postSolution
		{940570F9-4B3F-456A-8EA9-F013BED25F68}.Debug|Any CPU.ActiveCfg = Debug|Any CPU
		{940570F9-4B3F-456A-8EA9-F013BED25F68}.Debug|Any CPU.Build.0 = Debug|Any CPU
		{940570F9-4B3F-456A-8EA9-F013BED25F68}.Release|Any CPU.ActiveCfg = Release|Any CPU
		{940570F9-4B3F-456A-8EA9-F013BED25F68}.Release|Any CPU.Build.0 = Release|Any CPU
	EndGlobalSection
	GlobalSection(SolutionProperties) = preSolution
		HideSolutionNode = FALSE
	EndGlobalSection
	GlobalSection(ExtensibilityGlobals) = postSolution
		SolutionGuid = {B4DA15DA-6DFE-43AE-8CE5-D140C42860D7}
	EndGlobalSection
EndGlobal
